{
  "name": "client",
  "version": "0.1.0",
  "lockfileVersion": 2,
  "requires": true,
  "packages": {
    "": {
      "name": "client",
      "version": "0.1.0",
      "dependencies": {
        "next": "13.0.4",
        "peerjs": "^1.4.7",
        "react": "18.2.0",
        "react-dom": "18.2.0",
        "socket.io-client": "^4.5.4"
      }
    },
    "node_modules/@next/env": {
      "version": "13.0.4",
      "resolved": "https://registry.npmjs.org/@next/env/-/env-13.0.4.tgz",
      "integrity": "sha512-N5Z3bdxBzoxrC5bwykDFITzdWuwDteOdZ+7nxixY+I1XpRX8/iQYbw2wuXMdqdfBGm2NNUpAqg8YF2e4oAC2UQ=="
    },
    "node_modules/@next/swc-android-arm-eabi": {
      "version": "13.0.4",
      "resolved": "https://registry.npmjs.org/@next/swc-android-arm-eabi/-/swc-android-arm-eabi-13.0.4.tgz",
      "integrity": "sha512-SD9H+/zuV3L0oHIhsDdFkDqFtg6pIHtqRUPlsrNdOsmWXgMlSzxBmwt2ta4kyrazS62BQu7XRUG++ZyODS7AWg==",
      "cpu": [
        "arm"
      ],
      "optional": true,
      "os": [
        "android"
      ],
      "engines": {
        "node": ">= 10"
      }
    },
    "node_modules/@next/swc-android-arm64": {
      "version": "13.0.4",
      "resolved": "https://registry.npmjs.org/@next/swc-android-arm64/-/swc-android-arm64-13.0.4.tgz",
      "integrity": "sha512-F8W5WcBbdn/zBoy32/mQiefs9DNsT12CTSSVCsO8GvQR7GjJU+uduQ4drKcSDoDLuAFULc2jDN06Circq4vuQg==",
      "cpu": [
        "arm64"
      ],
      "optional": true,
      "os": [
        "android"
      ],
      "engines": {
        "node": ">= 10"
      }
    },
    "node_modules/@next/swc-darwin-arm64": {
      "version": "13.0.4",
      "resolved": "https://registry.npmjs.org/@next/swc-darwin-arm64/-/swc-darwin-arm64-13.0.4.tgz",
      "integrity": "sha512-/lajev+9GSie+rRTl5z8skW9RJwZ+TwMKLzzM24TbDk8lUjqPTyJZ/cU0NDj8J7VQAZ6EehACSh9rcJeBRtLuA==",
      "cpu": [
        "arm64"
      ],
      "optional": true,
      "os": [
        "darwin"
      ],
      "engines": {
        "node": ">= 10"
      }
    },
    "node_modules/@next/swc-darwin-x64": {
      "version": "13.0.4",
      "resolved": "https://registry.npmjs.org/@next/swc-darwin-x64/-/swc-darwin-x64-13.0.4.tgz",
      "integrity": "sha512-HK4b2rFiju8d40GTL/jH9U6OQ7BYA2MeEHs7Dm7Rp7kwQtLzP3z6osdQS8er20tIFHDE4b+oVBy03ZUQkHf0Pg==",
      "cpu": [
        "x64"
      ],
      "optional": true,
      "os": [
        "darwin"
      ],
      "engines": {
        "node": ">= 10"
      }
    },
    "node_modules/@next/swc-freebsd-x64": {
      "version": "13.0.4",
      "resolved": "https://registry.npmjs.org/@next/swc-freebsd-x64/-/swc-freebsd-x64-13.0.4.tgz",
      "integrity": "sha512-xBvIGLaGzZtgJfRRJ2DBN82DQCJ/O7jkXyBp8X/vHefPWyVXVqF6C68Rv8ADp11thPpf8WpjkvDDLb9AuWHQUA==",
      "cpu": [
        "x64"
      ],
      "optional": true,
      "os": [
        "freebsd"
      ],
      "engines": {
        "node": ">= 10"
      }
    },
    "node_modules/@next/swc-linux-arm-gnueabihf": {
      "version": "13.0.4",
      "resolved": "https://registry.npmjs.org/@next/swc-linux-arm-gnueabihf/-/swc-linux-arm-gnueabihf-13.0.4.tgz",
      "integrity": "sha512-s13pxNp9deKmmxEGTp1MoL1e4nf4wbEymEaHgFxUlhoR1OD9tK8oTNrQphQePJgVjzcWmRGH/dX7O9mVkHbU/g==",
      "cpu": [
        "arm"
      ],
      "optional": true,
      "os": [
        "linux"
      ],
      "engines": {
        "node": ">= 10"
      }
    },
    "node_modules/@next/swc-linux-arm64-gnu": {
      "version": "13.0.4",
      "resolved": "https://registry.npmjs.org/@next/swc-linux-arm64-gnu/-/swc-linux-arm64-gnu-13.0.4.tgz",
      "integrity": "sha512-Lklo65usNzoYwjX51CpDKOepWVZBdwO49/Jz3djxiYUr2lRtpDVnlfwCvzN+47j3BMVMWtC2ndIi8Q4s3J0v4g==",
      "cpu": [
        "arm64"
      ],
      "optional": true,
      "os": [
        "linux"
      ],
      "engines": {
        "node": ">= 10"
      }
    },
    "node_modules/@next/swc-linux-arm64-musl": {
      "version": "13.0.4",
      "resolved": "https://registry.npmjs.org/@next/swc-linux-arm64-musl/-/swc-linux-arm64-musl-13.0.4.tgz",
      "integrity": "sha512-+3BXtXBwjVhd5lahDe5nKZ7EwD6hE/oLFQkITCvgxymU5qYHGlLFyF52/lyw8qhyxoCr7mMVsUFhlCzVwCfNjg==",
      "cpu": [
        "arm64"
      ],
      "optional": true,
      "os": [
        "linux"
      ],
      "engines": {
        "node": ">= 10"
      }
    },
    "node_modules/@next/swc-linux-x64-gnu": {
      "version": "13.0.4",
      "resolved": "https://registry.npmjs.org/@next/swc-linux-x64-gnu/-/swc-linux-x64-gnu-13.0.4.tgz",
      "integrity": "sha512-QB8qoZrvHhZsz62nUrTKlp5IiZ8I7KZsaa6437H/W/NOZHLGJjCxROnhUjLvKVe/T5P86pjya2SUOUqWAjz4Pg==",
      "cpu": [
        "x64"
      ],
      "optional": true,
      "os": [
        "linux"
      ],
      "engines": {
        "node": ">= 10"
      }
    },
    "node_modules/@next/swc-linux-x64-musl": {
      "version": "13.0.4",
      "resolved": "https://registry.npmjs.org/@next/swc-linux-x64-musl/-/swc-linux-x64-musl-13.0.4.tgz",
      "integrity": "sha512-WaahF6DYUQRg1QqIMcuOu2ZsFhS3aC5iWeQyeptMHklP9wb4FfTNmBArKHknX/GXD8P9gI38WTAHJ25cc0zVwg==",
      "cpu": [
        "x64"
      ],
      "optional": true,
      "os": [
        "linux"
      ],
      "engines": {
        "node": ">= 10"
      }
    },
    "node_modules/@next/swc-win32-arm64-msvc": {
      "version": "13.0.4",
      "resolved": "https://registry.npmjs.org/@next/swc-win32-arm64-msvc/-/swc-win32-arm64-msvc-13.0.4.tgz",
      "integrity": "sha512-FD+k1j2jeY0aKcqcpzFKfTsv55PPmIZ5GKDyPjjV5AO6XvQ4nALwWl4JwizjH2426TfLXObb+C3MH0bl9Ok1Kw==",
      "cpu": [
        "arm64"
      ],
      "optional": true,
      "os": [
        "win32"
      ],
      "engines": {
        "node": ">= 10"
      }
    },
    "node_modules/@next/swc-win32-ia32-msvc": {
      "version": "13.0.4",
      "resolved": "https://registry.npmjs.org/@next/swc-win32-ia32-msvc/-/swc-win32-ia32-msvc-13.0.4.tgz",
      "integrity": "sha512-+Q/Q8Ydvz3X3U84CyZdNv1HC7fE43k+xB8C6b3IFmWGa5Tu2tfskQ2FsUNBrYreZjhFC/894J3rVQ6Vj6Auugg==",
      "cpu": [
        "ia32"
      ],
      "optional": true,
      "os": [
        "win32"
      ],
      "engines": {
        "node": ">= 10"
      }
    },
    "node_modules/@next/swc-win32-x64-msvc": {
      "version": "13.0.4",
      "resolved": "https://registry.npmjs.org/@next/swc-win32-x64-msvc/-/swc-win32-x64-msvc-13.0.4.tgz",
      "integrity": "sha512-vXtbo9N1FdtZZRcv4BliU28tTYrkb1EnVpUiiFFe88I6kS9aZVTMY9Z/OtDR52rl1JF1hgs9sL/59D/TQqSATQ==",
      "cpu": [
        "x64"
      ],
      "optional": true,
      "os": [
        "win32"
      ],
      "engines": {
        "node": ">= 10"
      }
    },
    "node_modules/@socket.io/component-emitter": {
      "version": "3.1.0",
      "resolved": "https://registry.npmjs.org/@socket.io/component-emitter/-/component-emitter-3.1.0.tgz",
      "integrity": "sha512-+9jVqKhRSpsc591z5vX+X5Yyw+he/HCB4iQ/RYxw35CEPaY1gnsNE43nf9n9AaYjAQrTiI/mOwKUKdUs9vf7Xg=="
    },
    "node_modules/@swc/helpers": {
      "version": "0.4.11",
      "resolved": "https://registry.npmjs.org/@swc/helpers/-/helpers-0.4.11.tgz",
      "integrity": "sha512-rEUrBSGIoSFuYxwBYtlUFMlE2CwGhmW+w9355/5oduSw8e5h2+Tj4UrAGNNgP9915++wj5vkQo0UuOBqOAq4nw==",
      "dependencies": {
        "tslib": "^2.4.0"
      }
    },
    "node_modules/caniuse-lite": {
      "version": "1.0.30001434",
      "resolved": "https://registry.npmjs.org/caniuse-lite/-/caniuse-lite-1.0.30001434.tgz",
      "integrity": "sha512-aOBHrLmTQw//WFa2rcF1If9fa3ypkC1wzqqiKHgfdrXTWcU8C4gKVZT77eQAPWN1APys3+uQ0Df07rKauXGEYA==",
      "funding": [
        {
          "type": "opencollective",
          "url": "https://opencollective.com/browserslist"
        },
        {
          "type": "tidelift",
          "url": "https://tidelift.com/funding/github/npm/caniuse-lite"
        }
      ]
    },
    "node_modules/client-only": {
      "version": "0.0.1",
      "resolved": "https://registry.npmjs.org/client-only/-/client-only-0.0.1.tgz",
      "integrity": "sha512-IV3Ou0jSMzZrd3pZ48nLkT9DA7Ag1pnPzaiQhpW7c3RbcqqzvzzVu+L8gfqMp/8IM2MQtSiqaCxrrcfu8I8rMA=="
    },
    "node_modules/debug": {
      "version": "4.3.4",
      "resolved": "https://registry.npmjs.org/debug/-/debug-4.3.4.tgz",
      "integrity": "sha512-PRWFHuSU3eDtQJPvnNY7Jcket1j0t5OuOsFzPPzsekD52Zl8qUfFIPEiswXqIvHWGVHOgX+7G/vCNNhehwxfkQ==",
      "dependencies": {
        "ms": "2.1.2"
      },
      "engines": {
        "node": ">=6.0"
      },
      "peerDependenciesMeta": {
        "supports-color": {
          "optional": true
        }
      }
    },
    "node_modules/engine.io-client": {
      "version": "6.2.3",
      "resolved": "https://registry.npmjs.org/engine.io-client/-/engine.io-client-6.2.3.tgz",
      "integrity": "sha512-aXPtgF1JS3RuuKcpSrBtimSjYvrbhKW9froICH4s0F3XQWLxsKNxqzG39nnvQZQnva4CMvUK63T7shevxRyYHw==",
      "dependencies": {
        "@socket.io/component-emitter": "~3.1.0",
        "debug": "~4.3.1",
        "engine.io-parser": "~5.0.3",
        "ws": "~8.2.3",
        "xmlhttprequest-ssl": "~2.0.0"
      }
    },
    "node_modules/engine.io-parser": {
      "version": "5.0.4",
      "resolved": "https://registry.npmjs.org/engine.io-parser/-/engine.io-parser-5.0.4.tgz",
      "integrity": "sha512-+nVFp+5z1E3HcToEnO7ZIj3g+3k9389DvWtvJZz0T6/eOCPIyyxehFcedoYrZQrp0LgQbD9pPXhpMBKMd5QURg==",
      "engines": {
        "node": ">=10.0.0"
      }
    },
    "node_modules/eventemitter3": {
      "version": "4.0.7",
      "resolved": "https://registry.npmjs.org/eventemitter3/-/eventemitter3-4.0.7.tgz",
      "integrity": "sha512-8guHBZCwKnFhYdHr2ysuRWErTwhoN2X8XELRlrRwpmfeY2jjuUN4taQMsULKUVo1K4DvZl+0pgfyoysHxvmvEw=="
    },
    "node_modules/js-tokens": {
      "version": "4.0.0",
      "resolved": "https://registry.npmjs.org/js-tokens/-/js-tokens-4.0.0.tgz",
      "integrity": "sha512-RdJUflcE3cUzKiMqQgsCu06FPu9UdIJO0beYbPhHN4k6apgJtifcoCtT9bcxOpYBtpD2kCM6Sbzg4CausW/PKQ=="
    },
    "node_modules/loose-envify": {
      "version": "1.4.0",
      "resolved": "https://registry.npmjs.org/loose-envify/-/loose-envify-1.4.0.tgz",
      "integrity": "sha512-lyuxPGr/Wfhrlem2CL/UcnUc1zcqKAImBDzukY7Y5F/yQiNdko6+fRLevlw1HgMySw7f611UIY408EtxRSoK3Q==",
      "dependencies": {
        "js-tokens": "^3.0.0 || ^4.0.0"
      },
      "bin": {
        "loose-envify": "cli.js"
      }
    },
    "node_modules/ms": {
      "version": "2.1.2",
      "resolved": "https://registry.npmjs.org/ms/-/ms-2.1.2.tgz",
      "integrity": "sha512-sGkPx+VjMtmA6MX27oA4FBFELFCZZ4S4XqeGOXCv68tT+jb3vk/RyaKWP0PTKyWtmLSM0b+adUTEvbs1PEaH2w=="
    },
    "node_modules/nanoid": {
      "version": "3.3.4",
      "resolved": "https://registry.npmjs.org/nanoid/-/nanoid-3.3.4.tgz",
      "integrity": "sha512-MqBkQh/OHTS2egovRtLk45wEyNXwF+cokD+1YPf9u5VfJiRdAiRwB2froX5Co9Rh20xs4siNPm8naNotSD6RBw==",
      "bin": {
        "nanoid": "bin/nanoid.cjs"
      },
      "engines": {
        "node": "^10 || ^12 || ^13.7 || ^14 || >=15.0.1"
      }
    },
    "node_modules/next": {
      "version": "13.0.4",
      "resolved": "https://registry.npmjs.org/next/-/next-13.0.4.tgz",
      "integrity": "sha512-4P0MvbjPCI1E/UPL1GrTXtYlgFnbBbY3JQ+AMY8jYE2SwyvCWctEJySoRjveznAHjrl6TIjuAJeB8u1c2StYUQ==",
      "dependencies": {
        "@next/env": "13.0.4",
        "@swc/helpers": "0.4.11",
        "caniuse-lite": "^1.0.30001406",
        "postcss": "8.4.14",
        "styled-jsx": "5.1.0",
        "use-sync-external-store": "1.2.0"
      },
      "bin": {
        "next": "dist/bin/next"
      },
      "engines": {
        "node": ">=14.6.0"
      },
      "optionalDependencies": {
        "@next/swc-android-arm-eabi": "13.0.4",
        "@next/swc-android-arm64": "13.0.4",
        "@next/swc-darwin-arm64": "13.0.4",
        "@next/swc-darwin-x64": "13.0.4",
        "@next/swc-freebsd-x64": "13.0.4",
        "@next/swc-linux-arm-gnueabihf": "13.0.4",
        "@next/swc-linux-arm64-gnu": "13.0.4",
        "@next/swc-linux-arm64-musl": "13.0.4",
        "@next/swc-linux-x64-gnu": "13.0.4",
        "@next/swc-linux-x64-musl": "13.0.4",
        "@next/swc-win32-arm64-msvc": "13.0.4",
        "@next/swc-win32-ia32-msvc": "13.0.4",
        "@next/swc-win32-x64-msvc": "13.0.4"
      },
      "peerDependencies": {
        "fibers": ">= 3.1.0",
        "node-sass": "^6.0.0 || ^7.0.0",
        "react": "^18.2.0",
        "react-dom": "^18.2.0",
        "sass": "^1.3.0"
      },
      "peerDependenciesMeta": {
        "fibers": {
          "optional": true
        },
        "node-sass": {
          "optional": true
        },
        "sass": {
          "optional": true
        }
      }
    },
    "node_modules/peerjs": {
      "version": "1.4.7",
      "resolved": "https://registry.npmjs.org/peerjs/-/peerjs-1.4.7.tgz",
      "integrity": "sha512-dWE2HIGvJO0Hm8lYHJiO/5OWl8xYtGcAuU08To1HMIfhh76ULzkCS3NIQO/PZm4noO1RhaGTkQaQ6sbAss6/Tg==",
      "dependencies": {
        "@swc/helpers": "^0.3.13",
        "eventemitter3": "^4.0.7",
        "peerjs-js-binarypack": "1.0.1",
        "webrtc-adapter": "^7.7.1"
      },
      "engines": {
        "node": ">= 10"
      },
      "funding": {
        "type": "opencollective",
        "url": "https://opencollective.com/peer"
      }
    },
    "node_modules/peerjs-js-binarypack": {
      "version": "1.0.1",
      "resolved": "https://registry.npmjs.org/peerjs-js-binarypack/-/peerjs-js-binarypack-1.0.1.tgz",
      "integrity": "sha512-N6aeia3NhdpV7kiGxJV5xQiZZCVEEVjRz2T2C6UZQiBkHWHzUv/oWA4myQLcwBwO8LUoR1KWW5oStvwVesmfCg=="
    },
    "node_modules/peerjs/node_modules/@swc/helpers": {
      "version": "0.3.17",
      "resolved": "https://registry.npmjs.org/@swc/helpers/-/helpers-0.3.17.tgz",
      "integrity": "sha512-tb7Iu+oZ+zWJZ3HJqwx8oNwSDIU440hmVMDPhpACWQWnrZHK99Bxs70gT1L2dnr5Hg50ZRWEFkQCAnOVVV0z1Q==",
      "dependencies": {
        "tslib": "^2.4.0"
      }
    },
    "node_modules/picocolors": {
      "version": "1.0.0",
      "resolved": "https://registry.npmjs.org/picocolors/-/picocolors-1.0.0.tgz",
      "integrity": "sha512-1fygroTLlHu66zi26VoTDv8yRgm0Fccecssto+MhsZ0D/DGW2sm8E8AjW7NU5VVTRt5GxbeZ5qBuJr+HyLYkjQ=="
    },
    "node_modules/postcss": {
      "version": "8.4.14",
      "resolved": "https://registry.npmjs.org/postcss/-/postcss-8.4.14.tgz",
      "integrity": "sha512-E398TUmfAYFPBSdzgeieK2Y1+1cpdxJx8yXbK/m57nRhKSmk1GB2tO4lbLBtlkfPQTDKfe4Xqv1ASWPpayPEig==",
      "funding": [
        {
          "type": "opencollective",
          "url": "https://opencollective.com/postcss/"
        },
        {
          "type": "tidelift",
          "url": "https://tidelift.com/funding/github/npm/postcss"
        }
      ],
      "dependencies": {
        "nanoid": "^3.3.4",
        "picocolors": "^1.0.0",
        "source-map-js": "^1.0.2"
      },
      "engines": {
        "node": "^10 || ^12 || >=14"
      }
    },
    "node_modules/react": {
      "version": "18.2.0",
      "resolved": "https://registry.npmjs.org/react/-/react-18.2.0.tgz",
      "integrity": "sha512-/3IjMdb2L9QbBdWiW5e3P2/npwMBaU9mHCSCUzNln0ZCYbcfTsGbTJrU/kGemdH2IWmB2ioZ+zkxtmq6g09fGQ==",
      "dependencies": {
        "loose-envify": "^1.1.0"
      },
      "engines": {
        "node": ">=0.10.0"
      }
    },
    "node_modules/react-dom": {
      "version": "18.2.0",
      "resolved": "https://registry.npmjs.org/react-dom/-/react-dom-18.2.0.tgz",
      "integrity": "sha512-6IMTriUmvsjHUjNtEDudZfuDQUoWXVxKHhlEGSk81n4YFS+r/Kl99wXiwlVXtPBtJenozv2P+hxDsw9eA7Xo6g==",
      "dependencies": {
        "loose-envify": "^1.1.0",
        "scheduler": "^0.23.0"
      },
      "peerDependencies": {
        "react": "^18.2.0"
      }
    },
    "node_modules/rtcpeerconnection-shim": {
      "version": "1.2.15",
      "resolved": "https://registry.npmjs.org/rtcpeerconnection-shim/-/rtcpeerconnection-shim-1.2.15.tgz",
      "integrity": "sha512-C6DxhXt7bssQ1nHb154lqeL0SXz5Dx4RczXZu2Aa/L1NJFnEVDxFwCBo3fqtuljhHIGceg5JKBV4XJ0gW5JKyw==",
      "dependencies": {
        "sdp": "^2.6.0"
      },
      "engines": {
        "node": ">=6.0.0",
        "npm": ">=3.10.0"
      }
    },
    "node_modules/scheduler": {
      "version": "0.23.0",
      "resolved": "https://registry.npmjs.org/scheduler/-/scheduler-0.23.0.tgz",
      "integrity": "sha512-CtuThmgHNg7zIZWAXi3AsyIzA3n4xx7aNyjwC2VJldO2LMVDhFK+63xGqq6CsJH4rTAt6/M+N4GhZiDYPx9eUw==",
      "dependencies": {
        "loose-envify": "^1.1.0"
      }
    },
    "node_modules/sdp": {
      "version": "2.12.0",
      "resolved": "https://registry.npmjs.org/sdp/-/sdp-2.12.0.tgz",
      "integrity": "sha512-jhXqQAQVM+8Xj5EjJGVweuEzgtGWb3tmEEpl3CLP3cStInSbVHSg0QWOGQzNq8pSID4JkpeV2mPqlMDLrm0/Vw=="
    },
    "node_modules/socket.io-client": {
      "version": "4.5.4",
      "resolved": "https://registry.npmjs.org/socket.io-client/-/socket.io-client-4.5.4.tgz",
      "integrity": "sha512-ZpKteoA06RzkD32IbqILZ+Cnst4xewU7ZYK12aS1mzHftFFjpoMz69IuhP/nL25pJfao/amoPI527KnuhFm01g==",
      "dependencies": {
        "@socket.io/component-emitter": "~3.1.0",
        "debug": "~4.3.2",
        "engine.io-client": "~6.2.3",
        "socket.io-parser": "~4.2.1"
      },
      "engines": {
        "node": ">=10.0.0"
      }
    },
    "node_modules/socket.io-parser": {
      "version": "4.2.1",
      "resolved": "https://registry.npmjs.org/socket.io-parser/-/socket.io-parser-4.2.1.tgz",
      "integrity": "sha512-V4GrkLy+HeF1F/en3SpUaM+7XxYXpuMUWLGde1kSSh5nQMN4hLrbPIkD+otwh6q9R6NOQBN4AMaOZ2zVjui82g==",
      "dependencies": {
        "@socket.io/component-emitter": "~3.1.0",
        "debug": "~4.3.1"
      },
      "engines": {
        "node": ">=10.0.0"
      }
    },
    "node_modules/source-map-js": {
      "version": "1.0.2",
      "resolved": "https://registry.npmjs.org/source-map-js/-/source-map-js-1.0.2.tgz",
      "integrity": "sha512-R0XvVJ9WusLiqTCEiGCmICCMplcCkIwwR11mOSD9CR5u+IXYdiseeEuXCVAjS54zqwkLcPNnmU4OeJ6tUrWhDw==",
      "engines": {
        "node": ">=0.10.0"
      }
    },
    "node_modules/styled-jsx": {
      "version": "5.1.0",
      "resolved": "https://registry.npmjs.org/styled-jsx/-/styled-jsx-5.1.0.tgz",
      "integrity": "sha512-/iHaRJt9U7T+5tp6TRelLnqBqiaIT0HsO0+vgyj8hK2KUk7aejFqRrumqPUlAqDwAj8IbS/1hk3IhBAAK/FCUQ==",
      "dependencies": {
        "client-only": "0.0.1"
      },
      "engines": {
        "node": ">= 12.0.0"
      },
      "peerDependencies": {
        "react": ">= 16.8.0 || 17.x.x || ^18.0.0-0"
      },
      "peerDependenciesMeta": {
        "@babel/core": {
          "optional": true
        },
        "babel-plugin-macros": {
          "optional": true
        }
      }
    },
    "node_modules/tslib": {
      "version": "2.4.1",
      "resolved": "https://registry.npmjs.org/tslib/-/tslib-2.4.1.tgz",
      "integrity": "sha512-tGyy4dAjRIEwI7BzsB0lynWgOpfqjUdq91XXAlIWD2OwKBH7oCl/GZG/HT4BOHrTlPMOASlMQ7veyTqpmRcrNA=="
    },
    "node_modules/use-sync-external-store": {
      "version": "1.2.0",
      "resolved": "https://registry.npmjs.org/use-sync-external-store/-/use-sync-external-store-1.2.0.tgz",
      "integrity": "sha512-eEgnFxGQ1Ife9bzYs6VLi8/4X6CObHMw9Qr9tPY43iKwsPw8xE8+EFsf/2cFZ5S3esXgpWgtSCtLNS41F+sKPA==",
      "peerDependencies": {
        "react": "^16.8.0 || ^17.0.0 || ^18.0.0"
      }
    },
    "node_modules/webrtc-adapter": {
      "version": "7.7.1",
      "resolved": "https://registry.npmjs.org/webrtc-adapter/-/webrtc-adapter-7.7.1.tgz",
      "integrity": "sha512-TbrbBmiQBL9n0/5bvDdORc6ZfRY/Z7JnEj+EYOD1ghseZdpJ+nF2yx14k3LgQKc7JZnG7HAcL+zHnY25So9d7A==",
      "dependencies": {
        "rtcpeerconnection-shim": "^1.2.15",
        "sdp": "^2.12.0"
      },
      "engines": {
        "node": ">=6.0.0",
        "npm": ">=3.10.0"
      }
    },
    "node_modules/ws": {
      "version": "8.2.3",
      "resolved": "https://registry.npmjs.org/ws/-/ws-8.2.3.tgz",
      "integrity": "sha512-wBuoj1BDpC6ZQ1B7DWQBYVLphPWkm8i9Y0/3YdHjHKHiohOJ1ws+3OccDWtH+PoC9DZD5WOTrJvNbWvjS6JWaA==",
      "engines": {
        "node": ">=10.0.0"
      },
      "peerDependencies": {
        "bufferutil": "^4.0.1",
        "utf-8-validate": "^5.0.2"
      },
      "peerDependenciesMeta": {
        "bufferutil": {
          "optional": true
        },
        "utf-8-validate": {
          "optional": true
        }
      }
    },
    "node_modules/xmlhttprequest-ssl": {
      "version": "2.0.0",
      "resolved": "https://registry.npmjs.org/xmlhttprequest-ssl/-/xmlhttprequest-ssl-2.0.0.tgz",
      "integrity": "sha512-QKxVRxiRACQcVuQEYFsI1hhkrMlrXHPegbbd1yn9UHOmRxY+si12nQYzri3vbzt8VdTTRviqcKxcyllFas5z2A==",
      "engines": {
        "node": ">=0.4.0"
      }
    }
  },
  "dependencies": {
    "@next/env": {
      "version": "13.0.4",
      "resolved": "https://registry.npmjs.org/@next/env/-/env-13.0.4.tgz",
      "integrity": "sha512-N5Z3bdxBzoxrC5bwykDFITzdWuwDteOdZ+7nxixY+I1XpRX8/iQYbw2wuXMdqdfBGm2NNUpAqg8YF2e4oAC2UQ=="
    },
    "@next/swc-android-arm-eabi": {
      "version": "13.0.4",
      "resolved": "https://registry.npmjs.org/@next/swc-android-arm-eabi/-/swc-android-arm-eabi-13.0.4.tgz",
      "integrity": "sha512-SD9H+/zuV3L0oHIhsDdFkDqFtg6pIHtqRUPlsrNdOsmWXgMlSzxBmwt2ta4kyrazS62BQu7XRUG++ZyODS7AWg==",
      "optional": true
    },
    "@next/swc-android-arm64": {
      "version": "13.0.4",
      "resolved": "https://registry.npmjs.org/@next/swc-android-arm64/-/swc-android-arm64-13.0.4.tgz",
      "integrity": "sha512-F8W5WcBbdn/zBoy32/mQiefs9DNsT12CTSSVCsO8GvQR7GjJU+uduQ4drKcSDoDLuAFULc2jDN06Circq4vuQg==",
      "optional": true
    },
    "@next/swc-darwin-arm64": {
      "version": "13.0.4",
      "resolved": "https://registry.npmjs.org/@next/swc-darwin-arm64/-/swc-darwin-arm64-13.0.4.tgz",
      "integrity": "sha512-/lajev+9GSie+rRTl5z8skW9RJwZ+TwMKLzzM24TbDk8lUjqPTyJZ/cU0NDj8J7VQAZ6EehACSh9rcJeBRtLuA==",
      "optional": true
    },
    "@next/swc-darwin-x64": {
      "version": "13.0.4",
      "resolved": "https://registry.npmjs.org/@next/swc-darwin-x64/-/swc-darwin-x64-13.0.4.tgz",
      "integrity": "sha512-HK4b2rFiju8d40GTL/jH9U6OQ7BYA2MeEHs7Dm7Rp7kwQtLzP3z6osdQS8er20tIFHDE4b+oVBy03ZUQkHf0Pg==",
      "optional": true
    },
    "@next/swc-freebsd-x64": {
      "version": "13.0.4",
      "resolved": "https://registry.npmjs.org/@next/swc-freebsd-x64/-/swc-freebsd-x64-13.0.4.tgz",
      "integrity": "sha512-xBvIGLaGzZtgJfRRJ2DBN82DQCJ/O7jkXyBp8X/vHefPWyVXVqF6C68Rv8ADp11thPpf8WpjkvDDLb9AuWHQUA==",
      "optional": true
    },
    "@next/swc-linux-arm-gnueabihf": {
      "version": "13.0.4",
      "resolved": "https://registry.npmjs.org/@next/swc-linux-arm-gnueabihf/-/swc-linux-arm-gnueabihf-13.0.4.tgz",
      "integrity": "sha512-s13pxNp9deKmmxEGTp1MoL1e4nf4wbEymEaHgFxUlhoR1OD9tK8oTNrQphQePJgVjzcWmRGH/dX7O9mVkHbU/g==",
      "optional": true
    },
    "@next/swc-linux-arm64-gnu": {
      "version": "13.0.4",
      "resolved": "https://registry.npmjs.org/@next/swc-linux-arm64-gnu/-/swc-linux-arm64-gnu-13.0.4.tgz",
      "integrity": "sha512-Lklo65usNzoYwjX51CpDKOepWVZBdwO49/Jz3djxiYUr2lRtpDVnlfwCvzN+47j3BMVMWtC2ndIi8Q4s3J0v4g==",
      "optional": true
    },
    "@next/swc-linux-arm64-musl": {
      "version": "13.0.4",
      "resolved": "https://registry.npmjs.org/@next/swc-linux-arm64-musl/-/swc-linux-arm64-musl-13.0.4.tgz",
      "integrity": "sha512-+3BXtXBwjVhd5lahDe5nKZ7EwD6hE/oLFQkITCvgxymU5qYHGlLFyF52/lyw8qhyxoCr7mMVsUFhlCzVwCfNjg==",
      "optional": true
    },
    "@next/swc-linux-x64-gnu": {
      "version": "13.0.4",
      "resolved": "https://registry.npmjs.org/@next/swc-linux-x64-gnu/-/swc-linux-x64-gnu-13.0.4.tgz",
      "integrity": "sha512-QB8qoZrvHhZsz62nUrTKlp5IiZ8I7KZsaa6437H/W/NOZHLGJjCxROnhUjLvKVe/T5P86pjya2SUOUqWAjz4Pg==",
      "optional": true
    },
    "@next/swc-linux-x64-musl": {
      "version": "13.0.4",
      "resolved": "https://registry.npmjs.org/@next/swc-linux-x64-musl/-/swc-linux-x64-musl-13.0.4.tgz",
      "integrity": "sha512-WaahF6DYUQRg1QqIMcuOu2ZsFhS3aC5iWeQyeptMHklP9wb4FfTNmBArKHknX/GXD8P9gI38WTAHJ25cc0zVwg==",
      "optional": true
    },
    "@next/swc-win32-arm64-msvc": {
      "version": "13.0.4",
      "resolved": "https://registry.npmjs.org/@next/swc-win32-arm64-msvc/-/swc-win32-arm64-msvc-13.0.4.tgz",
      "integrity": "sha512-FD+k1j2jeY0aKcqcpzFKfTsv55PPmIZ5GKDyPjjV5AO6XvQ4nALwWl4JwizjH2426TfLXObb+C3MH0bl9Ok1Kw==",
      "optional": true
    },
    "@next/swc-win32-ia32-msvc": {
      "version": "13.0.4",
      "resolved": "https://registry.npmjs.org/@next/swc-win32-ia32-msvc/-/swc-win32-ia32-msvc-13.0.4.tgz",
      "integrity": "sha512-+Q/Q8Ydvz3X3U84CyZdNv1HC7fE43k+xB8C6b3IFmWGa5Tu2tfskQ2FsUNBrYreZjhFC/894J3rVQ6Vj6Auugg==",
      "optional": true
    },
    "@next/swc-win32-x64-msvc": {
      "version": "13.0.4",
      "resolved": "https://registry.npmjs.org/@next/swc-win32-x64-msvc/-/swc-win32-x64-msvc-13.0.4.tgz",
      "integrity": "sha512-vXtbo9N1FdtZZRcv4BliU28tTYrkb1EnVpUiiFFe88I6kS9aZVTMY9Z/OtDR52rl1JF1hgs9sL/59D/TQqSATQ==",
      "optional": true
    },
    "@socket.io/component-emitter": {
      "version": "3.1.0",
      "resolved": "https://registry.npmjs.org/@socket.io/component-emitter/-/component-emitter-3.1.0.tgz",
      "integrity": "sha512-+9jVqKhRSpsc591z5vX+X5Yyw+he/HCB4iQ/RYxw35CEPaY1gnsNE43nf9n9AaYjAQrTiI/mOwKUKdUs9vf7Xg=="
    },
    "@swc/helpers": {
      "version": "0.4.11",
      "resolved": "https://registry.npmjs.org/@swc/helpers/-/helpers-0.4.11.tgz",
      "integrity": "sha512-rEUrBSGIoSFuYxwBYtlUFMlE2CwGhmW+w9355/5oduSw8e5h2+Tj4UrAGNNgP9915++wj5vkQo0UuOBqOAq4nw==",
      "requires": {
        "tslib": "^2.4.0"
      }
    },
    "caniuse-lite": {
      "version": "1.0.30001434",
      "resolved": "https://registry.npmjs.org/caniuse-lite/-/caniuse-lite-1.0.30001434.tgz",
      "integrity": "sha512-aOBHrLmTQw//WFa2rcF1If9fa3ypkC1wzqqiKHgfdrXTWcU8C4gKVZT77eQAPWN1APys3+uQ0Df07rKauXGEYA=="
    },
    "client-only": {
      "version": "0.0.1",
      "resolved": "https://registry.npmjs.org/client-only/-/client-only-0.0.1.tgz",
      "integrity": "sha512-IV3Ou0jSMzZrd3pZ48nLkT9DA7Ag1pnPzaiQhpW7c3RbcqqzvzzVu+L8gfqMp/8IM2MQtSiqaCxrrcfu8I8rMA=="
    },
    "debug": {
      "version": "4.3.4",
      "resolved": "https://registry.npmjs.org/debug/-/debug-4.3.4.tgz",
      "integrity": "sha512-PRWFHuSU3eDtQJPvnNY7Jcket1j0t5OuOsFzPPzsekD52Zl8qUfFIPEiswXqIvHWGVHOgX+7G/vCNNhehwxfkQ==",
      "requires": {
        "ms": "2.1.2"
      }
    },
    "engine.io-client": {
      "version": "6.2.3",
      "resolved": "https://registry.npmjs.org/engine.io-client/-/engine.io-client-6.2.3.tgz",
      "integrity": "sha512-aXPtgF1JS3RuuKcpSrBtimSjYvrbhKW9froICH4s0F3XQWLxsKNxqzG39nnvQZQnva4CMvUK63T7shevxRyYHw==",
      "requires": {
        "@socket.io/component-emitter": "~3.1.0",
        "debug": "~4.3.1",
        "engine.io-parser": "~5.0.3",
        "ws": "~8.2.3",
        "xmlhttprequest-ssl": "~2.0.0"
      }
    },
    "engine.io-parser": {
      "version": "5.0.4",
      "resolved": "https://registry.npmjs.org/engine.io-parser/-/engine.io-parser-5.0.4.tgz",
      "integrity": "sha512-+nVFp+5z1E3HcToEnO7ZIj3g+3k9389DvWtvJZz0T6/eOCPIyyxehFcedoYrZQrp0LgQbD9pPXhpMBKMd5QURg=="
    },
    "eventemitter3": {
      "version": "4.0.7",
      "resolved": "https://registry.npmjs.org/eventemitter3/-/eventemitter3-4.0.7.tgz",
      "integrity": "sha512-8guHBZCwKnFhYdHr2ysuRWErTwhoN2X8XELRlrRwpmfeY2jjuUN4taQMsULKUVo1K4DvZl+0pgfyoysHxvmvEw=="
    },
    "js-tokens": {
      "version": "4.0.0",
      "resolved": "https://registry.npmjs.org/js-tokens/-/js-tokens-4.0.0.tgz",
      "integrity": "sha512-RdJUflcE3cUzKiMqQgsCu06FPu9UdIJO0beYbPhHN4k6apgJtifcoCtT9bcxOpYBtpD2kCM6Sbzg4CausW/PKQ=="
    },
    "loose-envify": {
      "version": "1.4.0",
      "resolved": "https://registry.npmjs.org/loose-envify/-/loose-envify-1.4.0.tgz",
      "integrity": "sha512-lyuxPGr/Wfhrlem2CL/UcnUc1zcqKAImBDzukY7Y5F/yQiNdko6+fRLevlw1HgMySw7f611UIY408EtxRSoK3Q==",
      "requires": {
        "js-tokens": "^3.0.0 || ^4.0.0"
      }
    },
    "ms": {
      "version": "2.1.2",
      "resolved": "https://registry.npmjs.org/ms/-/ms-2.1.2.tgz",
      "integrity": "sha512-sGkPx+VjMtmA6MX27oA4FBFELFCZZ4S4XqeGOXCv68tT+jb3vk/RyaKWP0PTKyWtmLSM0b+adUTEvbs1PEaH2w=="
    },
    "nanoid": {
      "version": "3.3.4",
      "resolved": "https://registry.npmjs.org/nanoid/-/nanoid-3.3.4.tgz",
      "integrity": "sha512-MqBkQh/OHTS2egovRtLk45wEyNXwF+cokD+1YPf9u5VfJiRdAiRwB2froX5Co9Rh20xs4siNPm8naNotSD6RBw=="
    },
    "next": {
      "version": "13.0.4",
      "resolved": "https://registry.npmjs.org/next/-/next-13.0.4.tgz",
      "integrity": "sha512-4P0MvbjPCI1E/UPL1GrTXtYlgFnbBbY3JQ+AMY8jYE2SwyvCWctEJySoRjveznAHjrl6TIjuAJeB8u1c2StYUQ==",
      "requires": {
        "@next/env": "13.0.4",
        "@next/swc-android-arm-eabi": "13.0.4",
        "@next/swc-android-arm64": "13.0.4",
        "@next/swc-darwin-arm64": "13.0.4",
        "@next/swc-darwin-x64": "13.0.4",
        "@next/swc-freebsd-x64": "13.0.4",
        "@next/swc-linux-arm-gnueabihf": "13.0.4",
        "@next/swc-linux-arm64-gnu": "13.0.4",
        "@next/swc-linux-arm64-musl": "13.0.4",
        "@next/swc-linux-x64-gnu": "13.0.4",
        "@next/swc-linux-x64-musl": "13.0.4",
        "@next/swc-win32-arm64-msvc": "13.0.4",
        "@next/swc-win32-ia32-msvc": "13.0.4",
        "@next/swc-win32-x64-msvc": "13.0.4",
        "@swc/helpers": "0.4.11",
        "caniuse-lite": "^1.0.30001406",
        "postcss": "8.4.14",
        "styled-jsx": "5.1.0",
        "use-sync-external-store": "1.2.0"
      }
    },
    "peerjs": {
      "version": "1.4.7",
      "resolved": "https://registry.npmjs.org/peerjs/-/peerjs-1.4.7.tgz",
      "integrity": "sha512-dWE2HIGvJO0Hm8lYHJiO/5OWl8xYtGcAuU08To1HMIfhh76ULzkCS3NIQO/PZm4noO1RhaGTkQaQ6sbAss6/Tg==",
      "requires": {
        "@swc/helpers": "^0.3.13",
        "eventemitter3": "^4.0.7",
        "peerjs-js-binarypack": "1.0.1",
        "webrtc-adapter": "^7.7.1"
      },
      "dependencies": {
        "@swc/helpers": {
          "version": "0.3.17",
          "resolved": "https://registry.npmjs.org/@swc/helpers/-/helpers-0.3.17.tgz",
          "integrity": "sha512-tb7Iu+oZ+zWJZ3HJqwx8oNwSDIU440hmVMDPhpACWQWnrZHK99Bxs70gT1L2dnr5Hg50ZRWEFkQCAnOVVV0z1Q==",
          "requires": {
            "tslib": "^2.4.0"
          }
        }
      }
    },
    "peerjs-js-binarypack": {
      "version": "1.0.1",
      "resolved": "https://registry.npmjs.org/peerjs-js-binarypack/-/peerjs-js-binarypack-1.0.1.tgz",
      "integrity": "sha512-N6aeia3NhdpV7kiGxJV5xQiZZCVEEVjRz2T2C6UZQiBkHWHzUv/oWA4myQLcwBwO8LUoR1KWW5oStvwVesmfCg=="
    },
    "picocolors": {
      "version": "1.0.0",
      "resolved": "https://registry.npmjs.org/picocolors/-/picocolors-1.0.0.tgz",
      "integrity": "sha512-1fygroTLlHu66zi26VoTDv8yRgm0Fccecssto+MhsZ0D/DGW2sm8E8AjW7NU5VVTRt5GxbeZ5qBuJr+HyLYkjQ=="
    },
    "postcss": {
      "version": "8.4.14",
      "resolved": "https://registry.npmjs.org/postcss/-/postcss-8.4.14.tgz",
      "integrity": "sha512-E398TUmfAYFPBSdzgeieK2Y1+1cpdxJx8yXbK/m57nRhKSmk1GB2tO4lbLBtlkfPQTDKfe4Xqv1ASWPpayPEig==",
      "requires": {
        "nanoid": "^3.3.4",
        "picocolors": "^1.0.0",
        "source-map-js": "^1.0.2"
      }
    },
    "react": {
      "version": "18.2.0",
      "resolved": "https://registry.npmjs.org/react/-/react-18.2.0.tgz",
      "integrity": "sha512-/3IjMdb2L9QbBdWiW5e3P2/npwMBaU9mHCSCUzNln0ZCYbcfTsGbTJrU/kGemdH2IWmB2ioZ+zkxtmq6g09fGQ==",
      "requires": {
        "loose-envify": "^1.1.0"
      }
    },
    "react-dom": {
      "version": "18.2.0",
      "resolved": "https://registry.npmjs.org/react-dom/-/react-dom-18.2.0.tgz",
      "integrity": "sha512-6IMTriUmvsjHUjNtEDudZfuDQUoWXVxKHhlEGSk81n4YFS+r/Kl99wXiwlVXtPBtJenozv2P+hxDsw9eA7Xo6g==",
      "requires": {
        "loose-envify": "^1.1.0",
        "scheduler": "^0.23.0"
      }
    },
    "rtcpeerconnection-shim": {
      "version": "1.2.15",
      "resolved": "https://registry.npmjs.org/rtcpeerconnection-shim/-/rtcpeerconnection-shim-1.2.15.tgz",
      "integrity": "sha512-C6DxhXt7bssQ1nHb154lqeL0SXz5Dx4RczXZu2Aa/L1NJFnEVDxFwCBo3fqtuljhHIGceg5JKBV4XJ0gW5JKyw==",
      "requires": {
        "sdp": "^2.6.0"
      }
    },
    "scheduler": {
      "version": "0.23.0",
      "resolved": "https://registry.npmjs.org/scheduler/-/scheduler-0.23.0.tgz",
      "integrity": "sha512-CtuThmgHNg7zIZWAXi3AsyIzA3n4xx7aNyjwC2VJldO2LMVDhFK+63xGqq6CsJH4rTAt6/M+N4GhZiDYPx9eUw==",
      "requires": {
        "loose-envify": "^1.1.0"
      }
    },
    "sdp": {
      "version": "2.12.0",
      "resolved": "https://registry.npmjs.org/sdp/-/sdp-2.12.0.tgz",
      "integrity": "sha512-jhXqQAQVM+8Xj5EjJGVweuEzgtGWb3tmEEpl3CLP3cStInSbVHSg0QWOGQzNq8pSID4JkpeV2mPqlMDLrm0/Vw=="
    },
    "socket.io-client": {
      "version": "4.5.4",
      "resolved": "https://registry.npmjs.org/socket.io-client/-/socket.io-client-4.5.4.tgz",
      "integrity": "sha512-ZpKteoA06RzkD32IbqILZ+Cnst4xewU7ZYK12aS1mzHftFFjpoMz69IuhP/nL25pJfao/amoPI527KnuhFm01g==",
      "requires": {
        "@socket.io/component-emitter": "~3.1.0",
        "debug": "~4.3.2",
        "engine.io-client": "~6.2.3",
        "socket.io-parser": "~4.2.1"
      }
    },
    "socket.io-parser": {
      "version": "4.2.1",
      "resolved": "https://registry.npmjs.org/socket.io-parser/-/socket.io-parser-4.2.1.tgz",
      "integrity": "sha512-V4GrkLy+HeF1F/en3SpUaM+7XxYXpuMUWLGde1kSSh5nQMN4hLrbPIkD+otwh6q9R6NOQBN4AMaOZ2zVjui82g==",
      "requires": {
        "@socket.io/component-emitter": "~3.1.0",
        "debug": "~4.3.1"
      }
    },
    "source-map-js": {
      "version": "1.0.2",
      "resolved": "https://registry.npmjs.org/source-map-js/-/source-map-js-1.0.2.tgz",
      "integrity": "sha512-R0XvVJ9WusLiqTCEiGCmICCMplcCkIwwR11mOSD9CR5u+IXYdiseeEuXCVAjS54zqwkLcPNnmU4OeJ6tUrWhDw=="
    },
    "styled-jsx": {
      "version": "5.1.0",
      "resolved": "https://registry.npmjs.org/styled-jsx/-/styled-jsx-5.1.0.tgz",
      "integrity": "sha512-/iHaRJt9U7T+5tp6TRelLnqBqiaIT0HsO0+vgyj8hK2KUk7aejFqRrumqPUlAqDwAj8IbS/1hk3IhBAAK/FCUQ==",
      "requires": {
        "client-only": "0.0.1"
      }
    },
    "tslib": {
      "version": "2.4.1",
      "resolved": "https://registry.npmjs.org/tslib/-/tslib-2.4.1.tgz",
      "integrity": "sha512-tGyy4dAjRIEwI7BzsB0lynWgOpfqjUdq91XXAlIWD2OwKBH7oCl/GZG/HT4BOHrTlPMOASlMQ7veyTqpmRcrNA=="
    },
    "use-sync-external-store": {
      "version": "1.2.0",
      "resolved": "https://registry.npmjs.org/use-sync-external-store/-/use-sync-external-store-1.2.0.tgz",
      "integrity": "sha512-eEgnFxGQ1Ife9bzYs6VLi8/4X6CObHMw9Qr9tPY43iKwsPw8xE8+EFsf/2cFZ5S3esXgpWgtSCtLNS41F+sKPA==",
      "requires": {}
    },
    "webrtc-adapter": {
      "version": "7.7.1",
      "resolved": "https://registry.npmjs.org/webrtc-adapter/-/webrtc-adapter-7.7.1.tgz",
      "integrity": "sha512-TbrbBmiQBL9n0/5bvDdORc6ZfRY/Z7JnEj+EYOD1ghseZdpJ+nF2yx14k3LgQKc7JZnG7HAcL+zHnY25So9d7A==",
      "requires": {
        "rtcpeerconnection-shim": "^1.2.15",
        "sdp": "^2.12.0"
      }
    },
    "ws": {
      "version": "8.2.3",
      "resolved": "https://registry.npmjs.org/ws/-/ws-8.2.3.tgz",
      "integrity": "sha512-wBuoj1BDpC6ZQ1B7DWQBYVLphPWkm8i9Y0/3YdHjHKHiohOJ1ws+3OccDWtH+PoC9DZD5WOTrJvNbWvjS6JWaA==",
      "requires": {}
    },
    "xmlhttprequest-ssl": {
      "version": "2.0.0",
      "resolved": "https://registry.npmjs.org/xmlhttprequest-ssl/-/xmlhttprequest-ssl-2.0.0.tgz",
      "integrity": "sha512-QKxVRxiRACQcVuQEYFsI1hhkrMlrXHPegbbd1yn9UHOmRxY+si12nQYzri3vbzt8VdTTRviqcKxcyllFas5z2A=="
    }
  }
}
